// !$*UTF8*$!
{
	archiveVersion = 1;
	classes = {
	};
	objectVersion = 46;
	objects = {

/* Begin PBXBuildFile section */
		340C68591DDF54AE00E6B264 /* Charts.framework in Frameworks */ = {isa = PBXBuildFile; fileRef = 340C68541DDF549B00E6B264 /* Charts.framework */; };
		340C685A1DDF54AE00E6B264 /* Charts.framework in Embed Frameworks */ = {isa = PBXBuildFile; fileRef = 340C68541DDF549B00E6B264 /* Charts.framework */; settings = {ATTRIBUTES = (CodeSignOnCopy, RemoveHeadersOnCopy, ); }; };
		34BEA7671DC3C89A00632FF9 /* Main.storyboard in Resources */ = {isa = PBXBuildFile; fileRef = 34BEA7651DC3C89A00632FF9 /* Main.storyboard */; };
		34BEA76C1DC3C89A00632FF9 /* Assets.xcassets in Resources */ = {isa = PBXBuildFile; fileRef = 34BEA76B1DC3C89A00632FF9 /* Assets.xcassets */; };
		34BEA76F1DC3C89A00632FF9 /* LaunchScreen.storyboard in Resources */ = {isa = PBXBuildFile; fileRef = 34BEA76D1DC3C89A00632FF9 /* LaunchScreen.storyboard */; };
		34BEA77D1DC3CA1600632FF9 /* BehaviorInputController.swift in Sources */ = {isa = PBXBuildFile; fileRef = 34BEA7791DC3CA1600632FF9 /* BehaviorInputController.swift */; };
		34BEA77E1DC3CA1600632FF9 /* LoginController.swift in Sources */ = {isa = PBXBuildFile; fileRef = 34BEA77A1DC3CA1600632FF9 /* LoginController.swift */; };
		34BEA77F1DC3CA1600632FF9 /* NewStudentController.swift in Sources */ = {isa = PBXBuildFile; fileRef = 34BEA77B1DC3CA1600632FF9 /* NewStudentController.swift */; };
		34BEA7801DC3CA1600632FF9 /* StudentSelectionController.swift in Sources */ = {isa = PBXBuildFile; fileRef = 34BEA77C1DC3CA1600632FF9 /* StudentSelectionController.swift */; };
		34BEA7821DC3CCFB00632FF9 /* AppDelegate.swift in Sources */ = {isa = PBXBuildFile; fileRef = 34BEA7811DC3CCFB00632FF9 /* AppDelegate.swift */; };
		34BEA7841DC3CD1900632FF9 /* DataGraphingController.swift in Sources */ = {isa = PBXBuildFile; fileRef = 34BEA7831DC3CD1900632FF9 /* DataGraphingController.swift */; };
		34BEA7871DC3CD8E00632FF9 /* DataCollector.xcdatamodeld in Sources */ = {isa = PBXBuildFile; fileRef = 34BEA7851DC3CD8E00632FF9 /* DataCollector.xcdatamodeld */; };
/* End PBXBuildFile section */

/* Begin PBXContainerItemProxy section */
		340C68531DDF549B00E6B264 /* PBXContainerItemProxy */ = {
			isa = PBXContainerItemProxy;
			containerPortal = 340C684D1DDF549B00E6B264 /* Charts.xcodeproj */;
			proxyType = 2;
			remoteGlobalIDString = 06165F241D8110E600722320;
			remoteInfo = Charts;
		};
		340C68551DDF549B00E6B264 /* PBXContainerItemProxy */ = {
			isa = PBXContainerItemProxy;
			containerPortal = 340C684D1DDF549B00E6B264 /* Charts.xcodeproj */;
			proxyType = 2;
			remoteGlobalIDString = 06B120D51D811E6200D14B02;
			remoteInfo = ChartsRealm;
		};
		340C68571DDF549B00E6B264 /* PBXContainerItemProxy */ = {
			isa = PBXContainerItemProxy;
			containerPortal = 340C684D1DDF549B00E6B264 /* Charts.xcodeproj */;
			proxyType = 2;
			remoteGlobalIDString = 06165F2E1D8110E600722320;
			remoteInfo = ChartsTests;
		};
		340C685B1DDF54AE00E6B264 /* PBXContainerItemProxy */ = {
			isa = PBXContainerItemProxy;
			containerPortal = 340C684D1DDF549B00E6B264 /* Charts.xcodeproj */;
			proxyType = 1;
			remoteGlobalIDString = 06165F231D8110E600722320;
			remoteInfo = Charts;
		};
/* End PBXContainerItemProxy section */

/* Begin PBXCopyFilesBuildPhase section */
		346CBA461DC402A00068C978 /* Embed Frameworks */ = {
			isa = PBXCopyFilesBuildPhase;
			buildActionMask = 2147483647;
			dstPath = "";
			dstSubfolderSpec = 10;
			files = (
				340C685A1DDF54AE00E6B264 /* Charts.framework in Embed Frameworks */,
			);
			name = "Embed Frameworks";
			runOnlyForDeploymentPostprocessing = 0;
		};
/* End PBXCopyFilesBuildPhase section */

/* Begin PBXFileReference section */
		340C684D1DDF549B00E6B264 /* Charts.xcodeproj */ = {isa = PBXFileReference; lastKnownFileType = "wrapper.pb-project"; name = Charts.xcodeproj; path = "../../../../Downloads/Charts-master/Charts.xcodeproj"; sourceTree = "<group>"; };
		34BEA75E1DC3C89A00632FF9 /* DataCollector.app */ = {isa = PBXFileReference; explicitFileType = wrapper.application; includeInIndex = 0; path = DataCollector.app; sourceTree = BUILT_PRODUCTS_DIR; };
		34BEA7661DC3C89A00632FF9 /* Base */ = {isa = PBXFileReference; lastKnownFileType = file.storyboard; name = Base; path = Base.lproj/Main.storyboard; sourceTree = "<group>"; };
		34BEA76B1DC3C89A00632FF9 /* Assets.xcassets */ = {isa = PBXFileReference; lastKnownFileType = folder.assetcatalog; path = Assets.xcassets; sourceTree = "<group>"; };
		34BEA76E1DC3C89A00632FF9 /* Base */ = {isa = PBXFileReference; lastKnownFileType = file.storyboard; name = Base; path = Base.lproj/LaunchScreen.storyboard; sourceTree = "<group>"; };
		34BEA7701DC3C89A00632FF9 /* Info.plist */ = {isa = PBXFileReference; lastKnownFileType = text.plist.xml; path = Info.plist; sourceTree = "<group>"; };
		34BEA7791DC3CA1600632FF9 /* BehaviorInputController.swift */ = {isa = PBXFileReference; fileEncoding = 4; lastKnownFileType = sourcecode.swift; path = BehaviorInputController.swift; sourceTree = "<group>"; };
		34BEA77A1DC3CA1600632FF9 /* LoginController.swift */ = {isa = PBXFileReference; fileEncoding = 4; lastKnownFileType = sourcecode.swift; path = LoginController.swift; sourceTree = "<group>"; };
		34BEA77B1DC3CA1600632FF9 /* NewStudentController.swift */ = {isa = PBXFileReference; fileEncoding = 4; lastKnownFileType = sourcecode.swift; path = NewStudentController.swift; sourceTree = "<group>"; };
		34BEA77C1DC3CA1600632FF9 /* StudentSelectionController.swift */ = {isa = PBXFileReference; fileEncoding = 4; lastKnownFileType = sourcecode.swift; path = StudentSelectionController.swift; sourceTree = "<group>"; };
		34BEA7811DC3CCFB00632FF9 /* AppDelegate.swift */ = {isa = PBXFileReference; fileEncoding = 4; lastKnownFileType = sourcecode.swift; path = AppDelegate.swift; sourceTree = "<group>"; };
		34BEA7831DC3CD1900632FF9 /* DataGraphingController.swift */ = {isa = PBXFileReference; fileEncoding = 4; lastKnownFileType = sourcecode.swift; path = DataGraphingController.swift; sourceTree = "<group>"; };
		34BEA7861DC3CD8E00632FF9 /* DataCollector.xcdatamodel */ = {isa = PBXFileReference; lastKnownFileType = wrapper.xcdatamodel; path = DataCollector.xcdatamodel; sourceTree = "<group>"; };
/* End PBXFileReference section */

/* Begin PBXFrameworksBuildPhase section */
		34BEA75B1DC3C89A00632FF9 /* Frameworks */ = {
			isa = PBXFrameworksBuildPhase;
			buildActionMask = 2147483647;
			files = (
				340C68591DDF54AE00E6B264 /* Charts.framework in Frameworks */,
			);
			runOnlyForDeploymentPostprocessing = 0;
		};
/* End PBXFrameworksBuildPhase section */

/* Begin PBXGroup section */
		340C684E1DDF549B00E6B264 /* Products */ = {
			isa = PBXGroup;
			children = (
				340C68541DDF549B00E6B264 /* Charts.framework */,
				340C68561DDF549B00E6B264 /* ChartsRealm.framework */,
				340C68581DDF549B00E6B264 /* ChartsTests.xctest */,
			);
			name = Products;
			sourceTree = "<group>";
		};
		34BEA7551DC3C89A00632FF9 = {
			isa = PBXGroup;
			children = (
				340C684D1DDF549B00E6B264 /* Charts.xcodeproj */,
				34BEA7601DC3C89A00632FF9 /* DataCollector */,
				34BEA75F1DC3C89A00632FF9 /* Products */,
			);
			sourceTree = "<group>";
		};
		34BEA75F1DC3C89A00632FF9 /* Products */ = {
			isa = PBXGroup;
			children = (
				34BEA75E1DC3C89A00632FF9 /* DataCollector.app */,
			);
			name = Products;
			sourceTree = "<group>";
		};
		34BEA7601DC3C89A00632FF9 /* DataCollector */ = {
			isa = PBXGroup;
			children = (
				34BEA7811DC3CCFB00632FF9 /* AppDelegate.swift */,
				34BEA7791DC3CA1600632FF9 /* BehaviorInputController.swift */,
				34BEA77A1DC3CA1600632FF9 /* LoginController.swift */,
				34BEA77B1DC3CA1600632FF9 /* NewStudentController.swift */,
				34BEA7851DC3CD8E00632FF9 /* DataCollector.xcdatamodeld */,
				34BEA77C1DC3CA1600632FF9 /* StudentSelectionController.swift */,
				34BEA7831DC3CD1900632FF9 /* DataGraphingController.swift */,
				34BEA7651DC3C89A00632FF9 /* Main.storyboard */,
				34BEA76B1DC3C89A00632FF9 /* Assets.xcassets */,
				34BEA76D1DC3C89A00632FF9 /* LaunchScreen.storyboard */,
				34BEA7701DC3C89A00632FF9 /* Info.plist */,
			);
			path = DataCollector;
			sourceTree = "<group>";
		};
/* End PBXGroup section */

/* Begin PBXNativeTarget section */
		34BEA75D1DC3C89A00632FF9 /* DataCollector */ = {
			isa = PBXNativeTarget;
			buildConfigurationList = 34BEA7731DC3C89A00632FF9 /* Build configuration list for PBXNativeTarget "DataCollector" */;
			buildPhases = (
				34BEA75A1DC3C89A00632FF9 /* Sources */,
				34BEA75B1DC3C89A00632FF9 /* Frameworks */,
				34BEA75C1DC3C89A00632FF9 /* Resources */,
				346CBA461DC402A00068C978 /* Embed Frameworks */,
			);
			buildRules = (
			);
			dependencies = (
				340C685C1DDF54AE00E6B264 /* PBXTargetDependency */,
			);
			name = DataCollector;
			productName = DataCollector;
			productReference = 34BEA75E1DC3C89A00632FF9 /* DataCollector.app */;
			productType = "com.apple.product-type.application";
		};
/* End PBXNativeTarget section */

/* Begin PBXProject section */
		34BEA7561DC3C89A00632FF9 /* Project object */ = {
			isa = PBXProject;
			attributes = {
				LastSwiftUpdateCheck = 0800;
				LastUpgradeCheck = 0810;
				ORGANIZATIONNAME = "Matthew Mohandiss";
				TargetAttributes = {
					34BEA75D1DC3C89A00632FF9 = {
						CreatedOnToolsVersion = 8.0;
						DevelopmentTeam = D642MZJ2QG;
						LastSwiftMigration = 0800;
						ProvisioningStyle = Automatic;
					};
				};
			};
			buildConfigurationList = 34BEA7591DC3C89A00632FF9 /* Build configuration list for PBXProject "DataCollector" */;
			compatibilityVersion = "Xcode 3.2";
			developmentRegion = English;
			hasScannedForEncodings = 0;
			knownRegions = (
				en,
				Base,
			);
			mainGroup = 34BEA7551DC3C89A00632FF9;
			productRefGroup = 34BEA75F1DC3C89A00632FF9 /* Products */;
			projectDirPath = "";
			projectReferences = (
				{
					ProductGroup = 340C684E1DDF549B00E6B264 /* Products */;
					ProjectRef = 340C684D1DDF549B00E6B264 /* Charts.xcodeproj */;
				},
			);
			projectRoot = "";
			targets = (
				34BEA75D1DC3C89A00632FF9 /* DataCollector */,
			);
		};
/* End PBXProject section */

/* Begin PBXReferenceProxy section */
		340C68541DDF549B00E6B264 /* Charts.framework */ = {
			isa = PBXReferenceProxy;
			fileType = wrapper.framework;
			path = Charts.framework;
			remoteRef = 340C68531DDF549B00E6B264 /* PBXContainerItemProxy */;
			sourceTree = BUILT_PRODUCTS_DIR;
		};
		340C68561DDF549B00E6B264 /* ChartsRealm.framework */ = {
			isa = PBXReferenceProxy;
			fileType = wrapper.framework;
			path = ChartsRealm.framework;
			remoteRef = 340C68551DDF549B00E6B264 /* PBXContainerItemProxy */;
			sourceTree = BUILT_PRODUCTS_DIR;
		};
		340C68581DDF549B00E6B264 /* ChartsTests.xctest */ = {
			isa = PBXReferenceProxy;
			fileType = wrapper.cfbundle;
			path = ChartsTests.xctest;
			remoteRef = 340C68571DDF549B00E6B264 /* PBXContainerItemProxy */;
			sourceTree = BUILT_PRODUCTS_DIR;
		};
/* End PBXReferenceProxy section */

/* Begin PBXResourcesBuildPhase section */
		34BEA75C1DC3C89A00632FF9 /* Resources */ = {
			isa = PBXResourcesBuildPhase;
			buildActionMask = 2147483647;
			files = (
				34BEA76F1DC3C89A00632FF9 /* LaunchScreen.storyboard in Resources */,
				34BEA76C1DC3C89A00632FF9 /* Assets.xcassets in Resources */,
				34BEA7671DC3C89A00632FF9 /* Main.storyboard in Resources */,
			);
			runOnlyForDeploymentPostprocessing = 0;
		};
/* End PBXResourcesBuildPhase section */

/* Begin PBXSourcesBuildPhase section */
		34BEA75A1DC3C89A00632FF9 /* Sources */ = {
			isa = PBXSourcesBuildPhase;
			buildActionMask = 2147483647;
			files = (
				34BEA7801DC3CA1600632FF9 /* StudentSelectionController.swift in Sources */,
				34BEA77F1DC3CA1600632FF9 /* NewStudentController.swift in Sources */,
				34BEA77D1DC3CA1600632FF9 /* BehaviorInputController.swift in Sources */,
				34BEA7821DC3CCFB00632FF9 /* AppDelegate.swift in Sources */,
				34BEA77E1DC3CA1600632FF9 /* LoginController.swift in Sources */,
				34BEA7841DC3CD1900632FF9 /* DataGraphingController.swift in Sources */,
				34BEA7871DC3CD8E00632FF9 /* DataCollector.xcdatamodeld in Sources */,
			);
			runOnlyForDeploymentPostprocessing = 0;
		};
/* End PBXSourcesBuildPhase section */

/* Begin PBXTargetDependency section */
		340C685C1DDF54AE00E6B264 /* PBXTargetDependency */ = {
			isa = PBXTargetDependency;
			name = Charts;
			targetProxy = 340C685B1DDF54AE00E6B264 /* PBXContainerItemProxy */;
		};
/* End PBXTargetDependency section */

/* Begin PBXVariantGroup section */
		34BEA7651DC3C89A00632FF9 /* Main.storyboard */ = {
			isa = PBXVariantGroup;
			children = (
				34BEA7661DC3C89A00632FF9 /* Base */,
			);
			name = Main.storyboard;
			sourceTree = "<group>";
		};
		34BEA76D1DC3C89A00632FF9 /* LaunchScreen.storyboard */ = {
			isa = PBXVariantGroup;
			children = (
				34BEA76E1DC3C89A00632FF9 /* Base */,
			);
			name = LaunchScreen.storyboard;
			sourceTree = "<group>";
		};
/* End PBXVariantGroup section */

/* Begin XCBuildConfiguration section */
		34BEA7711DC3C89A00632FF9 /* Debug */ = {
			isa = XCBuildConfiguration;
			buildSettings = {
				ALWAYS_SEARCH_USER_PATHS = NO;
				CLANG_ANALYZER_NONNULL = YES;
				CLANG_CXX_LANGUAGE_STANDARD = "gnu++0x";
				CLANG_CXX_LIBRARY = "libc++";
				CLANG_ENABLE_MODULES = YES;
				CLANG_ENABLE_OBJC_ARC = YES;
				CLANG_WARN_BOOL_CONVERSION = YES;
				CLANG_WARN_CONSTANT_CONVERSION = YES;
				CLANG_WARN_DIRECT_OBJC_ISA_USAGE = YES_ERROR;
				CLANG_WARN_DOCUMENTATION_COMMENTS = YES;
				CLANG_WARN_EMPTY_BODY = YES;
				CLANG_WARN_ENUM_CONVERSION = YES;
				CLANG_WARN_INFINITE_RECURSION = YES;
				CLANG_WARN_INT_CONVERSION = YES;
				CLANG_WARN_OBJC_ROOT_CLASS = YES_ERROR;
				CLANG_WARN_SUSPICIOUS_MOVE = YES;
				CLANG_WARN_SUSPICIOUS_MOVES = YES;
				CLANG_WARN_UNREACHABLE_CODE = YES;
				CLANG_WARN__DUPLICATE_METHOD_MATCH = YES;
				"CODE_SIGN_IDENTITY[sdk=iphoneos*]" = "iPhone Developer";
				COPY_PHASE_STRIP = NO;
				DEBUG_INFORMATION_FORMAT = dwarf;
				ENABLE_STRICT_OBJC_MSGSEND = YES;
				ENABLE_TESTABILITY = YES;
				GCC_C_LANGUAGE_STANDARD = gnu99;
				GCC_DYNAMIC_NO_PIC = NO;
				GCC_NO_COMMON_BLOCKS = YES;
				GCC_OPTIMIZATION_LEVEL = 0;
				GCC_PREPROCESSOR_DEFINITIONS = (
					"DEBUG=1",
					"$(inherited)",
				);
				GCC_WARN_64_TO_32_BIT_CONVERSION = YES;
				GCC_WARN_ABOUT_RETURN_TYPE = YES_ERROR;
				GCC_WARN_UNDECLARED_SELECTOR = YES;
				GCC_WARN_UNINITIALIZED_AUTOS = YES_AGGRESSIVE;
				GCC_WARN_UNUSED_FUNCTION = YES;
				GCC_WARN_UNUSED_VARIABLE = YES;
				IPHONEOS_DEPLOYMENT_TARGET = 10.0;
				MTL_ENABLE_DEBUG_INFO = YES;
				ONLY_ACTIVE_ARCH = YES;
				SDKROOT = iphoneos;
				SWIFT_ACTIVE_COMPILATION_CONDITIONS = DEBUG;
				SWIFT_OPTIMIZATION_LEVEL = "-Onone";
				TARGETED_DEVICE_FAMILY = "1,2";
			};
			name = Debug;
		};
		34BEA7721DC3C89A00632FF9 /* Release */ = {
			isa = XCBuildConfiguration;
			buildSettings = {
				ALWAYS_SEARCH_USER_PATHS = NO;
				CLANG_ANALYZER_NONNULL = YES;
				CLANG_CXX_LANGUAGE_STANDARD = "gnu++0x";
				CLANG_CXX_LIBRARY = "libc++";
				CLANG_ENABLE_MODULES = YES;
				CLANG_ENABLE_OBJC_ARC = YES;
				CLANG_WARN_BOOL_CONVERSION = YES;
				CLANG_WARN_CONSTANT_CONVERSION = YES;
				CLANG_WARN_DIRECT_OBJC_ISA_USAGE = YES_ERROR;
				CLANG_WARN_DOCUMENTATION_COMMENTS = YES;
				CLANG_WARN_EMPTY_BODY = YES;
				CLANG_WARN_ENUM_CONVERSION = YES;
				CLANG_WARN_INFINITE_RECURSION = YES;
				CLANG_WARN_INT_CONVERSION = YES;
				CLANG_WARN_OBJC_ROOT_CLASS = YES_ERROR;
				CLANG_WARN_SUSPICIOUS_MOVE = YES;
				CLANG_WARN_SUSPICIOUS_MOVES = YES;
				CLANG_WARN_UNREACHABLE_CODE = YES;
				CLANG_WARN__DUPLICATE_METHOD_MATCH = YES;
				"CODE_SIGN_IDENTITY[sdk=iphoneos*]" = "iPhone Developer";
				COPY_PHASE_STRIP = NO;
				DEBUG_INFORMATION_FORMAT = "dwarf-with-dsym";
				ENABLE_NS_ASSERTIONS = NO;
				ENABLE_STRICT_OBJC_MSGSEND = YES;
				GCC_C_LANGUAGE_STANDARD = gnu99;
				GCC_NO_COMMON_BLOCKS = YES;
				GCC_WARN_64_TO_32_BIT_CONVERSION = YES;
				GCC_WARN_ABOUT_RETURN_TYPE = YES_ERROR;
				GCC_WARN_UNDECLARED_SELECTOR = YES;
				GCC_WARN_UNINITIALIZED_AUTOS = YES_AGGRESSIVE;
				GCC_WARN_UNUSED_FUNCTION = YES;
				GCC_WARN_UNUSED_VARIABLE = YES;
				IPHONEOS_DEPLOYMENT_TARGET = 10.0;
				MTL_ENABLE_DEBUG_INFO = NO;
				SDKROOT = iphoneos;
				SWIFT_OPTIMIZATION_LEVEL = "-Owholemodule";
				TARGETED_DEVICE_FAMILY = "1,2";
				VALIDATE_PRODUCT = YES;
			};
			name = Release;
		};
		34BEA7741DC3C89A00632FF9 /* Debug */ = {
			isa = XCBuildConfiguration;
			buildSettings = {
				ALWAYS_EMBED_SWIFT_STANDARD_LIBRARIES = YES;
				ASSETCATALOG_COMPILER_APPICON_NAME = AppIcon;
				CLANG_ENABLE_MODULES = YES;
				DEVELOPMENT_TEAM = D642MZJ2QG;
				INFOPLIST_FILE = DataCollector/Info.plist;
				IPHONEOS_DEPLOYMENT_TARGET = 10.0;
				LD_RUNPATH_SEARCH_PATHS = "$(inherited) @executable_path/Frameworks";
				PRODUCT_BUNDLE_IDENTIFIER = com.matthewmohandiss.DataCollector;
				PRODUCT_NAME = "$(TARGET_NAME)";
				SWIFT_OPTIMIZATION_LEVEL = "-Onone";
				SWIFT_VERSION = 3.0;
			};
			name = Debug;
		};
		34BEA7751DC3C89A00632FF9 /* Release */ = {
			isa = XCBuildConfiguration;
			buildSettings = {
				ALWAYS_EMBED_SWIFT_STANDARD_LIBRARIES = YES;
				ASSETCATALOG_COMPILER_APPICON_NAME = AppIcon;
				CLANG_ENABLE_MODULES = YES;
				DEVELOPMENT_TEAM = D642MZJ2QG;
				INFOPLIST_FILE = DataCollector/Info.plist;
				IPHONEOS_DEPLOYMENT_TARGET = 10.0;
				LD_RUNPATH_SEARCH_PATHS = "$(inherited) @executable_path/Frameworks";
				PRODUCT_BUNDLE_IDENTIFIER = com.matthewmohandiss.DataCollector;
				PRODUCT_NAME = "$(TARGET_NAME)";
				SWIFT_VERSION = 3.0;
			};
			name = Release;
		};
/* End XCBuildConfiguration section */

/* Begin XCConfigurationList section */
		34BEA7591DC3C89A00632FF9 /* Build configuration list for PBXProject "DataCollector" */ = {
			isa = XCConfigurationList;
			buildConfigurations = (
				34BEA7711DC3C89A00632FF9 /* Debug */,
				34BEA7721DC3C89A00632FF9 /* Release */,
			);
			defaultConfigurationIsVisible = 0;
			defaultConfigurationName = Release;
		};
		34BEA7731DC3C89A00632FF9 /* Build configuration list for PBXNativeTarget "DataCollector" */ = {
			isa = XCConfigurationList;
			buildConfigurations = (
				34BEA7741DC3C89A00632FF9 /* Debug */,
				34BEA7751DC3C89A00632FF9 /* Release */,
			);
			defaultConfigurationIsVisible = 0;
			defaultConfigurationName = Release;
		};
/* End XCConfigurationList section */

/* Begin XCVersionGroup section */
		34BEA7851DC3CD8E00632FF9 /* DataCollector.xcdatamodeld */ = {
			isa = XCVersionGroup;
			children = (
				34BEA7861DC3CD8E00632FF9 /* DataCollector.xcdatamodel */,
			);
			currentVersion = 34BEA7861DC3CD8E00632FF9 /* DataCollector.xcdatamodel */;
			path = DataCollector.xcdatamodeld;
			sourceTree = "<group>";
			versionGroupType = wrapper.xcdatamodel;
		};
/* End XCVersionGroup section */
	};
	rootObject = 34BEA7561DC3C89A00632FF9 /* Project object */;
}
